
Microsoft Visual Studio Solution File, Format Version 12.00
# Visual Studio Version 17
VisualStudioVersion = 17.13.35825.156 d17.13
MinimumVisualStudioVersion = 10.0.40219.1
Project("{FAE04EC0-301F-11D3-BF4B-00C04F79EFBC}") = "AbilityScore", "AbilityScore\AbilityScore.csproj", "{D2D836B7-1371-42C9-A4DE-C257EC3B5528}"
EndProject
Global
	GlobalSection(SolutionConfigurationPlatforms) = preSolution
		Debug|Any CPU = Debug|Any CPU
		Release|Any CPU = Release|Any CPU
	EndGlobalSection
	GlobalSection(ProjectConfigurationPlatforms) = postSolution
		{D2D836B7-1371-42C9-A4DE-C257EC3B5528}.Debug|Any CPU.ActiveCfg = Debug|Any CPU
		{D2D836B7-1371-42C9-A4DE-C257EC3B5528}.Debug|Any CPU.Build.0 = Debug|Any CPU
		{D2D836B7-1371-42C9-A4DE-C257EC3B5528}.Release|Any CPU.ActiveCfg = Release|Any CPU
		{D2D836B7-1371-42C9-A4DE-C257EC3B5528}.Release|Any CPU.Build.0 = Release|Any CPU
	EndGlobalSection
	GlobalSection(SolutionProperties) = preSolution
		HideSolutionNode = FALSE
	EndGlobalSection
	GlobalSection(ExtensibilityGlobals) = postSolution
		SolutionGuid = {BEA3A7C6-EC62-4B46-89D3-A39828FEE49D}
	EndGlobalSection
EndGlobal
