
Microsoft Visual Studio Solution File, Format Version 12.00
# Visual Studio Version 17
VisualStudioVersion = 17.13.35825.156 d17.13
MinimumVisualStudioVersion = 10.0.40219.1
Project("{FAE04EC0-301F-11D3-BF4B-00C04F79EFBC}") = "Guys", "Guys\Guys.csproj", "{36176595-81C4-43DF-8463-79E3FC0F85EB}"
EndProject
Global
	GlobalSection(SolutionConfigurationPlatforms) = preSolution
		Debug|Any CPU = Debug|Any CPU
		Release|Any CPU = Release|Any CPU
	EndGlobalSection
	GlobalSection(ProjectConfigurationPlatforms) = postSolution
		{36176595-81C4-43DF-8463-79E3FC0F85EB}.Debug|Any CPU.ActiveCfg = Debug|Any CPU
		{36176595-81C4-43DF-8463-79E3FC0F85EB}.Debug|Any CPU.Build.0 = Debug|Any CPU
		{36176595-81C4-43DF-8463-79E3FC0F85EB}.Release|Any CPU.ActiveCfg = Release|Any CPU
		{36176595-81C4-43DF-8463-79E3FC0F85EB}.Release|Any CPU.Build.0 = Release|Any CPU
	EndGlobalSection
	GlobalSection(SolutionProperties) = preSolution
		HideSolutionNode = FALSE
	EndGlobalSection
	GlobalSection(ExtensibilityGlobals) = postSolution
		SolutionGuid = {8C47E057-2E87-44BC-BC4E-BDC06B6FB56D}
	EndGlobalSection
EndGlobal
