
Microsoft Visual Studio Solution File, Format Version 12.00
# Visual Studio Version 17
VisualStudioVersion = 17.13.35825.156 d17.13
MinimumVisualStudioVersion = 10.0.40219.1
Project("{FAE04EC0-301F-11D3-BF4B-00C04F79EFBC}") = "ExperimentWithControls", "ExperimentWithControls\ExperimentWithControls.csproj", "{0D688C28-679D-48F7-A440-C0970F6B8950}"
EndProject
Global
	GlobalSection(SolutionConfigurationPlatforms) = preSolution
		Debug|Any CPU = Debug|Any CPU
		Release|Any CPU = Release|Any CPU
	EndGlobalSection
	GlobalSection(ProjectConfigurationPlatforms) = postSolution
		{0D688C28-679D-48F7-A440-C0970F6B8950}.Debug|Any CPU.ActiveCfg = Debug|Any CPU
		{0D688C28-679D-48F7-A440-C0970F6B8950}.Debug|Any CPU.Build.0 = Debug|Any CPU
		{0D688C28-679D-48F7-A440-C0970F6B8950}.Release|Any CPU.ActiveCfg = Release|Any CPU
		{0D688C28-679D-48F7-A440-C0970F6B8950}.Release|Any CPU.Build.0 = Release|Any CPU
	EndGlobalSection
	GlobalSection(SolutionProperties) = preSolution
		HideSolutionNode = FALSE
	EndGlobalSection
	GlobalSection(ExtensibilityGlobals) = postSolution
		SolutionGuid = {E1AA59A7-E638-4388-8940-24CE07284350}
	EndGlobalSection
EndGlobal
